{
  "pins" : [
    {
      "identity" : "fluidgradient",
      "kind" : "remoteSourceControl",
      "location" : "https://github.com/Cindori/FluidGradient.git",
      "state" : {
        "revision" : "9ddda4cf23671ef0228e88681ec6210cb3e0d7f7",
        "version" : "1.0.0"
      }
    },
    {
      "identity" : "variableblurview",
      "kind" : "remoteSourceControl",
      "location" : "https://github.com/aheze/VariableBlurView",
      "state" : {
        "revision" : "5646a3e7fe418c587db7e55e5b24138a628dc72d",
        "version" : "1.0.2"
      }
    }
  ],
  "version" : 2
}
